
Microsoft Visual Studio Solution File, Format Version 12.00
# Visual Studio Version 16
VisualStudioVersion = 16.0.29123.88
MinimumVisualStudioVersion = 10.0.40219.1
Project("{2150E333-8FDC-42A3-9474-1A3956D46DE8}") = "Chapter 1", "Chapter 1", "{F52B2C73-F62A-4646-BAD1-3AF6E06E2FDD}"
EndProject
Project("{2150E333-8FDC-42A3-9474-1A3956D46DE8}") = "Chapter 2", "Chapter 2", "{39B6BFEF-C7E5-4DB2-91BE-0FE75CCFFC30}"
EndProject
Project("{FAE04EC0-301F-11D3-BF4B-00C04F79EFBC}") = "VSIXAnatomy", "Chapter 2\VSIXAnatomy\VSIXAnatomy.csproj", "{E74E4E76-62CA-4397-B875-DDBFE4315B5C}"
EndProject
Project("{2150E333-8FDC-42A3-9474-1A3956D46DE8}") = "Chapter 3", "Chapter 3", "{EA1BE54D-F8ED-43BC-AE70-C5DFBA930916}"
EndProject
Project("{FAE04EC0-301F-11D3-BF4B-00C04F79EFBC}") = "ToolsMenuCommand", "Chapter 3\ToolsMenuCommand\ToolsMenuCommand.csproj", "{9AA4DE59-9BEE-49C5-9FA4-D3041B7BE6D4}"
EndProject
Project("{2150E333-8FDC-42A3-9474-1A3956D46DE8}") = "Chapter 4", "Chapter 4", "{9EC3A1F6-168C-4688-90C7-338E8B027241}"
EndProject
Project("{FAE04EC0-301F-11D3-BF4B-00C04F79EFBC}") = "ExternalSearch", "Chapter 4\ExternalSearch\ExternalSearch.csproj", "{7C45E88C-7865-48B0-8BF2-274A34543EB0}"
EndProject
Project("{FAE04EC0-301F-11D3-BF4B-00C04F79EFBC}") = "PropertiesToolWindow", "Chapter 4\PropertiesToolWindow\PropertiesToolWindow.csproj", "{C5ACED64-5C55-488E-AA58-E12A33011017}"
EndProject
Project("{2150E333-8FDC-42A3-9474-1A3956D46DE8}") = "Chapter 5", "Chapter 5", "{195B5E0C-40C9-4A0D-976C-71F8F2385165}"
EndProject
Project("{FAE04EC0-301F-11D3-BF4B-00C04F79EFBC}") = "DisplayInfoBar", "Chapter 5\DisplayInfoBar\DisplayInfoBar.csproj", "{E11BE05F-F4DF-4139-B9C3-6B4152E8AC21}"
EndProject
Project("{2150E333-8FDC-42A3-9474-1A3956D46DE8}") = "Chapter 6", "Chapter 6", "{3A0F7293-E6AC-4091-96A0-B890F7C2961E}"
EndProject
Project("{2150E333-8FDC-42A3-9474-1A3956D46DE8}") = "Chapter 7", "Chapter 7", "{41077F48-D1BC-470A-A9F0-E4EDED53CF7F}"
EndProject
Project("{FAE04EC0-301F-11D3-BF4B-00C04F79EFBC}") = "JsonToCSharpCodeGeneration", "Chapter 5\JsonToCSharpCodeGeneration\JsonToCSharpCodeGeneration.csproj", "{1F7EA632-4815-4619-880E-DF965F77F2EA}"
EndProject
Project("{9A19103F-16F7-4668-BE54-9A1E7A4F7556}") = "ConfigureAwaitAnalyzer", "Chapter 6\ConfigureAwaitAnalyzer\ConfigureAwaitAnalyzer\ConfigureAwaitAnalyzer.csproj", "{67DC9112-7D64-4053-917E-71F84704DCA2}"
EndProject
Project("{9A19103F-16F7-4668-BE54-9A1E7A4F7556}") = "ConfigureAwaitAnalyzer.Test", "Chapter 6\ConfigureAwaitAnalyzer\ConfigureAwaitAnalyzer.Test\ConfigureAwaitAnalyzer.Test.csproj", "{11E236ED-75E1-4A55-9D55-609D5E29AE57}"
EndProject
Project("{FAE04EC0-301F-11D3-BF4B-00C04F79EFBC}") = "ConfigureAwaitAnalyzer.Vsix", "Chapter 6\ConfigureAwaitAnalyzer\ConfigureAwaitAnalyzer.Vsix\ConfigureAwaitAnalyzer.Vsix.csproj", "{B83AD705-CA28-4487-BA96-A0A3A5DE0408}"
EndProject
Project("{9A19103F-16F7-4668-BE54-9A1E7A4F7556}") = "VarToStrongType", "Chapter 6\VarToStrongType\VarToStrongType\VarToStrongType.csproj", "{57597E7B-1E85-40C4-9C87-9F337DB2F274}"
EndProject
Project("{FAE04EC0-301F-11D3-BF4B-00C04F79EFBC}") = "VarToStrongType.Vsix", "Chapter 6\VarToStrongType\VarToStrongType.Vsix\VarToStrongType.Vsix.csproj", "{6DA9D8AE-F24D-4F27-AD0F-5FCC670FD2B0}"
EndProject
Project("{2150E333-8FDC-42A3-9474-1A3956D46DE8}") = "Chapter 8", "Chapter 8", "{457C336B-DB9B-47B7-AE3F-7D6B8E01230E}"
EndProject
Project("{FAE04EC0-301F-11D3-BF4B-00C04F79EFBC}") = "ExtensionGallery", "Chapter 8\ExtensionGallery\ExtensionGallery.csproj", "{C8420EDD-D979-4E6F-B8A2-5E63B09C37B5}"
EndProject
Project("{9A19103F-16F7-4668-BE54-9A1E7A4F7556}") = "SampleConsoleApp", "Chapter 1\SampleConsoleApp\SampleConsoleApp.csproj", "{F4ACE2DF-D77D-473C-830E-8C65E9BDC024}"
EndProject
Project("{FAE04EC0-301F-11D3-BF4B-00C04F79EFBC}") = "AsyncSnippet", "Chapter 7\AsyncSnippet\AsyncSnippet.csproj", "{7671B796-B110-4E06-88F1-429C3861A3DC}"
EndProject
Project("{2150E333-8FDC-42A3-9474-1A3956D46DE8}") = "Chapter 9", "Chapter 9", "{636B949F-D67C-4604-8922-6E60B37CD62A}"
EndProject
Project("{FAE04EC0-301F-11D3-BF4B-00C04F79EFBC}") = "ExtensionPackSample", "Chapter 9\ExtensionPackSample\ExtensionPackSample.csproj", "{58D04DD5-A526-4FF8-A266-1D0C1C43414A}"
EndProject
Project("{FAE04EC0-301F-11D3-BF4B-00C04F79EFBC}") = "CodeGeneratorConnectedService", "Chapter 7\CodeGeneratorConnectedService\CodeGeneratorConnectedService.csproj", "{6558C146-81C7-4D63-991B-507AA969E168}"
EndProject
Project("{9A19103F-16F7-4668-BE54-9A1E7A4F7556}") = "ConnectedServiceDemo", "Chapter 7\ConnectedServiceDemo\ConnectedServiceDemo.csproj", "{6BB7D858-9B34-4249-86B8-E065CD694A0B}"
EndProject
Project("{FAE04EC0-301F-11D3-BF4B-00C04F79EFBC}") = "SnippetProjectFromTemplate", "Chapter 7\SnippetProjectFromTemplate\SnippetProjectFromTemplate.csproj", "{3D5EE7B0-F486-4DC9-85AF-A8012F9F6A16}"
EndProject
Project("{9A19103F-16F7-4668-BE54-9A1E7A4F7556}") = "TypeDebuggerVisualizer", "Chapter 7\TypeDebuggerVisualizer\TypeDebuggerVisualizer.csproj", "{9C3ED919-8FC4-4399-AD7B-2EC0442B8103}"
EndProject
Global
	GlobalSection(SolutionConfigurationPlatforms) = preSolution
		Debug|Any CPU = Debug|Any CPU
		Release|Any CPU = Release|Any CPU
	EndGlobalSection
	GlobalSection(ProjectConfigurationPlatforms) = postSolution
		{E74E4E76-62CA-4397-B875-DDBFE4315B5C}.Debug|Any CPU.ActiveCfg = Debug|Any CPU
		{E74E4E76-62CA-4397-B875-DDBFE4315B5C}.Release|Any CPU.ActiveCfg = Release|Any CPU
		{9AA4DE59-9BEE-49C5-9FA4-D3041B7BE6D4}.Debug|Any CPU.ActiveCfg = Debug|Any CPU
		{9AA4DE59-9BEE-49C5-9FA4-D3041B7BE6D4}.Release|Any CPU.ActiveCfg = Release|Any CPU
		{7C45E88C-7865-48B0-8BF2-274A34543EB0}.Debug|Any CPU.ActiveCfg = Debug|Any CPU
		{7C45E88C-7865-48B0-8BF2-274A34543EB0}.Debug|Any CPU.Build.0 = Debug|Any CPU
		{7C45E88C-7865-48B0-8BF2-274A34543EB0}.Release|Any CPU.ActiveCfg = Release|Any CPU
		{7C45E88C-7865-48B0-8BF2-274A34543EB0}.Release|Any CPU.Build.0 = Release|Any CPU
		{C5ACED64-5C55-488E-AA58-E12A33011017}.Debug|Any CPU.ActiveCfg = Debug|Any CPU
		{C5ACED64-5C55-488E-AA58-E12A33011017}.Release|Any CPU.ActiveCfg = Release|Any CPU
		{E11BE05F-F4DF-4139-B9C3-6B4152E8AC21}.Debug|Any CPU.ActiveCfg = Debug|Any CPU
		{E11BE05F-F4DF-4139-B9C3-6B4152E8AC21}.Release|Any CPU.ActiveCfg = Release|Any CPU
		{1F7EA632-4815-4619-880E-DF965F77F2EA}.Debug|Any CPU.ActiveCfg = Debug|Any CPU
		{1F7EA632-4815-4619-880E-DF965F77F2EA}.Release|Any CPU.ActiveCfg = Release|Any CPU
		{67DC9112-7D64-4053-917E-71F84704DCA2}.Debug|Any CPU.ActiveCfg = Debug|Any CPU
		{67DC9112-7D64-4053-917E-71F84704DCA2}.Release|Any CPU.ActiveCfg = Release|Any CPU
		{11E236ED-75E1-4A55-9D55-609D5E29AE57}.Debug|Any CPU.ActiveCfg = Debug|Any CPU
		{11E236ED-75E1-4A55-9D55-609D5E29AE57}.Release|Any CPU.ActiveCfg = Release|Any CPU
		{B83AD705-CA28-4487-BA96-A0A3A5DE0408}.Debug|Any CPU.ActiveCfg = Debug|Any CPU
		{B83AD705-CA28-4487-BA96-A0A3A5DE0408}.Release|Any CPU.ActiveCfg = Release|Any CPU
		{57597E7B-1E85-40C4-9C87-9F337DB2F274}.Debug|Any CPU.ActiveCfg = Debug|Any CPU
		{57597E7B-1E85-40C4-9C87-9F337DB2F274}.Release|Any CPU.ActiveCfg = Release|Any CPU
		{6DA9D8AE-F24D-4F27-AD0F-5FCC670FD2B0}.Debug|Any CPU.ActiveCfg = Debug|Any CPU
		{6DA9D8AE-F24D-4F27-AD0F-5FCC670FD2B0}.Release|Any CPU.ActiveCfg = Release|Any CPU
		{C8420EDD-D979-4E6F-B8A2-5E63B09C37B5}.Debug|Any CPU.ActiveCfg = Debug|Any CPU
		{C8420EDD-D979-4E6F-B8A2-5E63B09C37B5}.Debug|Any CPU.Build.0 = Debug|Any CPU
		{C8420EDD-D979-4E6F-B8A2-5E63B09C37B5}.Release|Any CPU.ActiveCfg = Release|Any CPU
		{C8420EDD-D979-4E6F-B8A2-5E63B09C37B5}.Release|Any CPU.Build.0 = Release|Any CPU
		{F4ACE2DF-D77D-473C-830E-8C65E9BDC024}.Debug|Any CPU.ActiveCfg = Debug|Any CPU
		{F4ACE2DF-D77D-473C-830E-8C65E9BDC024}.Debug|Any CPU.Build.0 = Debug|Any CPU
		{F4ACE2DF-D77D-473C-830E-8C65E9BDC024}.Release|Any CPU.ActiveCfg = Release|Any CPU
		{F4ACE2DF-D77D-473C-830E-8C65E9BDC024}.Release|Any CPU.Build.0 = Release|Any CPU
		{7671B796-B110-4E06-88F1-429C3861A3DC}.Debug|Any CPU.ActiveCfg = Debug|Any CPU
		{7671B796-B110-4E06-88F1-429C3861A3DC}.Debug|Any CPU.Build.0 = Debug|Any CPU
		{7671B796-B110-4E06-88F1-429C3861A3DC}.Release|Any CPU.ActiveCfg = Release|Any CPU
		{7671B796-B110-4E06-88F1-429C3861A3DC}.Release|Any CPU.Build.0 = Release|Any CPU
		{58D04DD5-A526-4FF8-A266-1D0C1C43414A}.Debug|Any CPU.ActiveCfg = Debug|Any CPU
		{58D04DD5-A526-4FF8-A266-1D0C1C43414A}.Debug|Any CPU.Build.0 = Debug|Any CPU
		{58D04DD5-A526-4FF8-A266-1D0C1C43414A}.Release|Any CPU.ActiveCfg = Release|Any CPU
		{58D04DD5-A526-4FF8-A266-1D0C1C43414A}.Release|Any CPU.Build.0 = Release|Any CPU
		{6558C146-81C7-4D63-991B-507AA969E168}.Debug|Any CPU.ActiveCfg = Debug|Any CPU
		{6558C146-81C7-4D63-991B-507AA969E168}.Debug|Any CPU.Build.0 = Debug|Any CPU
		{6558C146-81C7-4D63-991B-507AA969E168}.Release|Any CPU.ActiveCfg = Release|Any CPU
		{6558C146-81C7-4D63-991B-507AA969E168}.Release|Any CPU.Build.0 = Release|Any CPU
		{6BB7D858-9B34-4249-86B8-E065CD694A0B}.Debug|Any CPU.ActiveCfg = Debug|Any CPU
		{6BB7D858-9B34-4249-86B8-E065CD694A0B}.Debug|Any CPU.Build.0 = Debug|Any CPU
		{6BB7D858-9B34-4249-86B8-E065CD694A0B}.Release|Any CPU.ActiveCfg = Release|Any CPU
		{6BB7D858-9B34-4249-86B8-E065CD694A0B}.Release|Any CPU.Build.0 = Release|Any CPU
		{3D5EE7B0-F486-4DC9-85AF-A8012F9F6A16}.Debug|Any CPU.ActiveCfg = Debug|Any CPU
		{3D5EE7B0-F486-4DC9-85AF-A8012F9F6A16}.Debug|Any CPU.Build.0 = Debug|Any CPU
		{3D5EE7B0-F486-4DC9-85AF-A8012F9F6A16}.Release|Any CPU.ActiveCfg = Release|Any CPU
		{3D5EE7B0-F486-4DC9-85AF-A8012F9F6A16}.Release|Any CPU.Build.0 = Release|Any CPU
		{9C3ED919-8FC4-4399-AD7B-2EC0442B8103}.Debug|Any CPU.ActiveCfg = Debug|Any CPU
		{9C3ED919-8FC4-4399-AD7B-2EC0442B8103}.Debug|Any CPU.Build.0 = Debug|Any CPU
		{9C3ED919-8FC4-4399-AD7B-2EC0442B8103}.Release|Any CPU.ActiveCfg = Release|Any CPU
		{9C3ED919-8FC4-4399-AD7B-2EC0442B8103}.Release|Any CPU.Build.0 = Release|Any CPU
	EndGlobalSection
	GlobalSection(SolutionProperties) = preSolution
		HideSolutionNode = FALSE
	EndGlobalSection
	GlobalSection(NestedProjects) = preSolution
		{E74E4E76-62CA-4397-B875-DDBFE4315B5C} = {39B6BFEF-C7E5-4DB2-91BE-0FE75CCFFC30}
		{9AA4DE59-9BEE-49C5-9FA4-D3041B7BE6D4} = {EA1BE54D-F8ED-43BC-AE70-C5DFBA930916}
		{7C45E88C-7865-48B0-8BF2-274A34543EB0} = {9EC3A1F6-168C-4688-90C7-338E8B027241}
		{C5ACED64-5C55-488E-AA58-E12A33011017} = {9EC3A1F6-168C-4688-90C7-338E8B027241}
		{E11BE05F-F4DF-4139-B9C3-6B4152E8AC21} = {195B5E0C-40C9-4A0D-976C-71F8F2385165}
		{1F7EA632-4815-4619-880E-DF965F77F2EA} = {195B5E0C-40C9-4A0D-976C-71F8F2385165}
		{67DC9112-7D64-4053-917E-71F84704DCA2} = {3A0F7293-E6AC-4091-96A0-B890F7C2961E}
		{11E236ED-75E1-4A55-9D55-609D5E29AE57} = {3A0F7293-E6AC-4091-96A0-B890F7C2961E}
		{B83AD705-CA28-4487-BA96-A0A3A5DE0408} = {3A0F7293-E6AC-4091-96A0-B890F7C2961E}
		{57597E7B-1E85-40C4-9C87-9F337DB2F274} = {3A0F7293-E6AC-4091-96A0-B890F7C2961E}
		{6DA9D8AE-F24D-4F27-AD0F-5FCC670FD2B0} = {3A0F7293-E6AC-4091-96A0-B890F7C2961E}
		{C8420EDD-D979-4E6F-B8A2-5E63B09C37B5} = {457C336B-DB9B-47B7-AE3F-7D6B8E01230E}
		{F4ACE2DF-D77D-473C-830E-8C65E9BDC024} = {F52B2C73-F62A-4646-BAD1-3AF6E06E2FDD}
		{7671B796-B110-4E06-88F1-429C3861A3DC} = {41077F48-D1BC-470A-A9F0-E4EDED53CF7F}
		{58D04DD5-A526-4FF8-A266-1D0C1C43414A} = {636B949F-D67C-4604-8922-6E60B37CD62A}
		{6558C146-81C7-4D63-991B-507AA969E168} = {41077F48-D1BC-470A-A9F0-E4EDED53CF7F}
		{6BB7D858-9B34-4249-86B8-E065CD694A0B} = {41077F48-D1BC-470A-A9F0-E4EDED53CF7F}
		{3D5EE7B0-F486-4DC9-85AF-A8012F9F6A16} = {41077F48-D1BC-470A-A9F0-E4EDED53CF7F}
		{9C3ED919-8FC4-4399-AD7B-2EC0442B8103} = {41077F48-D1BC-470A-A9F0-E4EDED53CF7F}
	EndGlobalSection
	GlobalSection(ExtensibilityGlobals) = postSolution
		SolutionGuid = {A218CDEC-90AC-4DC4-97FF-2BB060FF9994}
	EndGlobalSection
EndGlobal
